
Microsoft Visual Studio Solution File, Format Version 12.00
# Visual Studio Version 17
VisualStudioVersion = 17.0.31903.59
MinimumVisualStudioVersion = 10.0.40219.1
Project("{9A19103F-16F7-4668-BE54-9A1E7A4F7556}") = "Roblox.ApiControlPlane", "libs\apicontrolplane\src\Roblox.ApiControlPlane.csproj", "{225C1815-B440-48EB-BFF3-103FDECC7EE2}"
EndProject
Project("{9A19103F-16F7-4668-BE54-9A1E7A4F7556}") = "Roblox.ApiControlPlane.Service", "services\apicontrolplane-service\src\Roblox.ApiControlPlane.Service.csproj", "{12B5078C-69A0-4944-AB92-884CF640E213}"
EndProject
Project("{2150E333-8FDC-42A3-9474-1A3956D46DE8}") = "Solution Items", "Solution Items", "{BD463CBF-5E5A-47D6-BE09-40CD0CADE0A6}"
	ProjectSection(SolutionItems) = preProject
		services\apicontrolplane-service\.component.yml = services\apicontrolplane-service\.component.yml
		services\Directory.Build.props = services\Directory.Build.props
		services\Directory.Build.targets = services\Directory.Build.targets
		targets\git-metadata.targets = targets\git-metadata.targets
	EndProjectSection
EndProject
Global
	GlobalSection(SolutionConfigurationPlatforms) = preSolution
		Debug|Any CPU = Debug|Any CPU
		Release|Any CPU = Release|Any CPU
	EndGlobalSection
	GlobalSection(ProjectConfigurationPlatforms) = postSolution
		{225C1815-B440-48EB-BFF3-103FDECC7EE2}.Debug|Any CPU.ActiveCfg = Debug|Any CPU
		{225C1815-B440-48EB-BFF3-103FDECC7EE2}.Debug|Any CPU.Build.0 = Debug|Any CPU
		{225C1815-B440-48EB-BFF3-103FDECC7EE2}.Release|Any CPU.ActiveCfg = Release|Any CPU
		{225C1815-B440-48EB-BFF3-103FDECC7EE2}.Release|Any CPU.Build.0 = Release|Any CPU
		{12B5078C-69A0-4944-AB92-884CF640E213}.Debug|Any CPU.ActiveCfg = Debug|Any CPU
		{12B5078C-69A0-4944-AB92-884CF640E213}.Debug|Any CPU.Build.0 = Debug|Any CPU
		{12B5078C-69A0-4944-AB92-884CF640E213}.Release|Any CPU.ActiveCfg = Release|Any CPU
		{12B5078C-69A0-4944-AB92-884CF640E213}.Release|Any CPU.Build.0 = Release|Any CPU
	EndGlobalSection
	GlobalSection(SolutionProperties) = preSolution
		HideSolutionNode = FALSE
	EndGlobalSection
	GlobalSection(ExtensibilityGlobals) = postSolution
		SolutionGuid = {2F6520B9-4C2F-478A-9B22-25DD13A26358}
	EndGlobalSection
EndGlobal
